{
  "lockfileVersion": 1,
  "configVersion": 1,
  "workspaces": {
    "": {
      "name": "gas-test-app",
      "dependencies": {
        "@tanstack/history": "^1.85.4",
        "@tanstack/solid-router": "^1.85.4",
        "solid-js": "^1.9.10",
      },
      "devDependencies": {
        "@types/bun": "^1.3.3",
      },
    },
  },
  "packages": {
    "@nothing-but/utils": ["@nothing-but/utils@0.17.0", "", {}, "sha512-TuCHcHLOqDL0SnaAxACfuRHBNRgNJcNn9X0GiH5H3YSDBVquCr3qEIG3FOQAuMyZCbu9w8nk2CHhOsn7IvhIwQ=="],

    "@solid-devtools/debugger": ["@solid-devtools/debugger@0.28.1", "", { "dependencies": { "@nothing-but/utils": "~0.17.0", "@solid-devtools/shared": "^0.20.0", "@solid-primitives/bounds": "^0.1.1", "@solid-primitives/event-listener": "^2.4.1", "@solid-primitives/keyboard": "^1.3.1", "@solid-primitives/rootless": "^1.5.1", "@solid-primitives/scheduled": "^1.5.1", "@solid-primitives/static-store": "^0.1.1", "@solid-primitives/utils": "^6.3.1" }, "peerDependencies": { "solid-js": "^1.9.0" } }, "sha512-6qIUI6VYkXoRnL8oF5bvh2KgH71qlJ18hNw/mwSyY6v48eb80ZR48/5PDXufUa3q+MBSuYa1uqTMwLewpay9eg=="],

    "@solid-devtools/logger": ["@solid-devtools/logger@0.9.11", "", { "dependencies": { "@nothing-but/utils": "~0.17.0", "@solid-devtools/debugger": "^0.28.1", "@solid-devtools/shared": "^0.20.0", "@solid-primitives/utils": "^6.3.1" }, "peerDependencies": { "solid-js": "^1.9.0" } }, "sha512-THbiY1iQlieL6vdgJc4FIsLe7V8a57hod/Thm8zdKrTkWL88UPZjkBBfM+mVNGusd4OCnAN20tIFBhNnuT1Dew=="],

    "@solid-devtools/shared": ["@solid-devtools/shared@0.20.0", "", { "dependencies": { "@nothing-but/utils": "~0.17.0", "@solid-primitives/event-listener": "^2.4.1", "@solid-primitives/media": "^2.3.1", "@solid-primitives/refs": "^1.1.1", "@solid-primitives/rootless": "^1.5.1", "@solid-primitives/scheduled": "^1.5.1", "@solid-primitives/static-store": "^0.1.1", "@solid-primitives/styles": "^0.1.1", "@solid-primitives/utils": "^6.3.1" }, "peerDependencies": { "solid-js": "^1.9.0" } }, "sha512-o5TACmUOQsxpzpOKCjbQqGk8wL8PMi+frXG9WNu4Lh3PQVUB6hs95Kl/S8xc++zwcMguUKZJn8h5URUiMOca6Q=="],

    "@solid-primitives/bounds": ["@solid-primitives/bounds@0.1.3", "", { "dependencies": { "@solid-primitives/event-listener": "^2.4.3", "@solid-primitives/resize-observer": "^2.1.3", "@solid-primitives/static-store": "^0.1.2", "@solid-primitives/utils": "^6.3.2" }, "peerDependencies": { "solid-js": "^1.6.12" } }, "sha512-UbiyKMdSPmtijcEDnYLQL3zzaejpwWDAJJ4Gt5P0hgVs6A72piov0GyNw7V2SroH7NZFwxlYS22YmOr8A5xc1Q=="],

    "@solid-primitives/event-listener": ["@solid-primitives/event-listener@2.4.3", "", { "dependencies": { "@solid-primitives/utils": "^6.3.2" }, "peerDependencies": { "solid-js": "^1.6.12" } }, "sha512-h4VqkYFv6Gf+L7SQj+Y6puigL/5DIi7x5q07VZET7AWcS+9/G3WfIE9WheniHWJs51OEkRB43w6lDys5YeFceg=="],

    "@solid-primitives/keyboard": ["@solid-primitives/keyboard@1.3.3", "", { "dependencies": { "@solid-primitives/event-listener": "^2.4.3", "@solid-primitives/rootless": "^1.5.2", "@solid-primitives/utils": "^6.3.2" }, "peerDependencies": { "solid-js": "^1.6.12" } }, "sha512-9dQHTTgLBqyAI7aavtO+HnpTVJgWQA1ghBSrmLtMu1SMxLPDuLfuNr+Tk5udb4AL4Ojg7h9JrKOGEEDqsJXWJA=="],

    "@solid-primitives/media": ["@solid-primitives/media@2.3.3", "", { "dependencies": { "@solid-primitives/event-listener": "^2.4.3", "@solid-primitives/rootless": "^1.5.2", "@solid-primitives/static-store": "^0.1.2", "@solid-primitives/utils": "^6.3.2" }, "peerDependencies": { "solid-js": "^1.6.12" } }, "sha512-hQ4hLOGvfbugQi5Eu1BFWAIJGIAzztq9x0h02xgBGl2l0Jaa3h7tg6bz5tV1NSuNYVGio4rPoa7zVQQLkkx9dA=="],

    "@solid-primitives/refs": ["@solid-primitives/refs@1.1.2", "", { "dependencies": { "@solid-primitives/utils": "^6.3.2" }, "peerDependencies": { "solid-js": "^1.6.12" } }, "sha512-K7tf2thy7L+YJjdqXspXOg5xvNEOH8tgEWsp0+1mQk3obHBRD6hEjYZk7p7FlJphSZImS35je3UfmWuD7MhDfg=="],

    "@solid-primitives/resize-observer": ["@solid-primitives/resize-observer@2.1.3", "", { "dependencies": { "@solid-primitives/event-listener": "^2.4.3", "@solid-primitives/rootless": "^1.5.2", "@solid-primitives/static-store": "^0.1.2", "@solid-primitives/utils": "^6.3.2" }, "peerDependencies": { "solid-js": "^1.6.12" } }, "sha512-zBLje5E06TgOg93S7rGPldmhDnouNGhvfZVKOp+oG2XU8snA+GoCSSCz1M+jpNAg5Ek2EakU5UVQqL152WmdXQ=="],

    "@solid-primitives/rootless": ["@solid-primitives/rootless@1.5.2", "", { "dependencies": { "@solid-primitives/utils": "^6.3.2" }, "peerDependencies": { "solid-js": "^1.6.12" } }, "sha512-9HULb0QAzL2r47CCad0M+NKFtQ+LrGGNHZfteX/ThdGvKIg2o2GYhBooZubTCd/RTu2l2+Nw4s+dEfiDGvdrrQ=="],

    "@solid-primitives/scheduled": ["@solid-primitives/scheduled@1.5.2", "", { "peerDependencies": { "solid-js": "^1.6.12" } }, "sha512-/j2igE0xyNaHhj6kMfcUQn5rAVSTLbAX+CDEBm25hSNBmNiHLu2lM7Usj2kJJ5j36D67bE8wR1hBNA8hjtvsQA=="],

    "@solid-primitives/static-store": ["@solid-primitives/static-store@0.1.2", "", { "dependencies": { "@solid-primitives/utils": "^6.3.2" }, "peerDependencies": { "solid-js": "^1.6.12" } }, "sha512-ReK+5O38lJ7fT+L6mUFvUr6igFwHBESZF+2Ug842s7fvlVeBdIVEdTCErygff6w7uR6+jrr7J8jQo+cYrEq4Iw=="],

    "@solid-primitives/styles": ["@solid-primitives/styles@0.1.2", "", { "dependencies": { "@solid-primitives/rootless": "^1.5.2", "@solid-primitives/utils": "^6.3.2" }, "peerDependencies": { "solid-js": "^1.6.12" } }, "sha512-7iX5K+J5b1PRrbgw3Ki92uvU2LgQ0Kd/QMsrAZxDg5dpUBwMyTijZkA3bbs1ikZsT1oQhS41bTyKbjrXeU0Awg=="],

    "@solid-primitives/utils": ["@solid-primitives/utils@6.3.2", "", { "peerDependencies": { "solid-js": "^1.6.12" } }, "sha512-hZ/M/qr25QOCcwDPOHtGjxTD8w2mNyVAYvcfgwzBHq2RwNqHNdDNsMZYap20+ruRwW4A3Cdkczyoz0TSxLCAPQ=="],

    "@solidjs/meta": ["@solidjs/meta@0.29.4", "", { "peerDependencies": { "solid-js": ">=1.8.4" } }, "sha512-zdIWBGpR9zGx1p1bzIPqF5Gs+Ks/BH8R6fWhmUa/dcK1L2rUC8BAcZJzNRYBQv74kScf1TSOs0EY//Vd/I0V8g=="],

    "@tanstack/history": ["@tanstack/history@1.139.0", "", {}, "sha512-l6wcxwDBeh/7Dhles23U1O8lp9kNJmAb2yNjekR6olZwCRNAVA8TCXlVCrueELyFlYZqvQkh0ofxnzG62A1Kkg=="],

    "@tanstack/router-core": ["@tanstack/router-core@1.139.14", "", { "dependencies": { "@tanstack/history": "1.139.0", "@tanstack/store": "^0.8.0", "cookie-es": "^2.0.0", "seroval": "^1.4.0", "seroval-plugins": "^1.4.0", "tiny-invariant": "^1.3.3", "tiny-warning": "^1.0.3" } }, "sha512-OjNeTlAti75G+8djiAaQsfio4mpnn9HBFfION15nzIgmv+VX6wOS/OyOYKkaKf+QSecXcjajyV3HHc8YornH/A=="],

    "@tanstack/solid-router": ["@tanstack/solid-router@1.139.14", "", { "dependencies": { "@solid-devtools/logger": "^0.9.4", "@solid-primitives/refs": "^1.0.8", "@solidjs/meta": "^0.29.4", "@tanstack/history": "1.139.0", "@tanstack/router-core": "1.139.14", "@tanstack/solid-store": "^0.8.0", "isbot": "^5.1.22", "tiny-invariant": "^1.3.3", "tiny-warning": "^1.0.3" }, "peerDependencies": { "solid-js": "^1.9.10" } }, "sha512-R+GLHCyilK8mcQevH21nBTfvENtKTZ+cCL9vqv6NMVyxe66kPUWOEpIV0xOCe9+RgTS0xD/j2O6MDqpaSyvedg=="],

    "@tanstack/solid-store": ["@tanstack/solid-store@0.8.0", "", { "dependencies": { "@tanstack/store": "0.8.0" }, "peerDependencies": { "solid-js": "^1.6.0" } }, "sha512-JwqTedbxyOGw7mfmdGkB0RGgefRCw/tNauc8tlMcaS1mV5wTFT8c1KIB3LgttuHaanMJEBeqQJ7bc/R0WTP1fA=="],

    "@tanstack/store": ["@tanstack/store@0.8.0", "", {}, "sha512-Om+BO0YfMZe//X2z0uLF2j+75nQga6TpTJgLJQBiq85aOyZNIhkCgleNcud2KQg4k4v9Y9l+Uhru3qWMPGTOzQ=="],

    "@types/bun": ["@types/bun@1.3.3", "", { "dependencies": { "bun-types": "1.3.3" } }, "sha512-ogrKbJ2X5N0kWLLFKeytG0eHDleBYtngtlbu9cyBKFtNL3cnpDZkNdQj8flVf6WTZUX5ulI9AY1oa7ljhSrp+g=="],

    "@types/node": ["@types/node@24.10.1", "", { "dependencies": { "undici-types": "~7.16.0" } }, "sha512-GNWcUTRBgIRJD5zj+Tq0fKOJ5XZajIiBroOF0yvj2bSU1WvNdYS/dn9UxwsujGW4JX06dnHyjV2y9rRaybH0iQ=="],

    "bun-types": ["bun-types@1.3.3", "", { "dependencies": { "@types/node": "*" } }, "sha512-z3Xwlg7j2l9JY27x5Qn3Wlyos8YAp0kKRlrePAOjgjMGS5IG6E7Jnlx736vH9UVI4wUICwwhC9anYL++XeOgTQ=="],

    "cookie-es": ["cookie-es@2.0.0", "", {}, "sha512-RAj4E421UYRgqokKUmotqAwuplYw15qtdXfY+hGzgCJ/MBjCVZcSoHK/kH9kocfjRjcDME7IiDWR/1WX1TM2Pg=="],

    "csstype": ["csstype@3.2.3", "", {}, "sha512-z1HGKcYy2xA8AGQfwrn0PAy+PB7X/GSj3UVJW9qKyn43xWa+gl5nXmU4qqLMRzWVLFC8KusUX8T/0kCiOYpAIQ=="],

    "isbot": ["isbot@5.1.32", "", {}, "sha512-VNfjM73zz2IBZmdShMfAUg10prm6t7HFUQmNAEOAVS4YH92ZrZcvkMcGX6cIgBJAzWDzPent/EeAtYEHNPNPBQ=="],

    "seroval": ["seroval@1.3.2", "", {}, "sha512-RbcPH1n5cfwKrru7v7+zrZvjLurgHhGyso3HTyGtRivGWgYjbOmGuivCQaORNELjNONoK35nj28EoWul9sb1zQ=="],

    "seroval-plugins": ["seroval-plugins@1.3.3", "", { "peerDependencies": { "seroval": "^1.0" } }, "sha512-16OL3NnUBw8JG1jBLUoZJsLnQq0n5Ua6aHalhJK4fMQkz1lqR7Osz1sA30trBtd9VUDc2NgkuRCn8+/pBwqZ+w=="],

    "solid-js": ["solid-js@1.9.10", "", { "dependencies": { "csstype": "^3.1.0", "seroval": "~1.3.0", "seroval-plugins": "~1.3.0" } }, "sha512-Coz956cos/EPDlhs6+jsdTxKuJDPT7B5SVIWgABwROyxjY7Xbr8wkzD68Et+NxnV7DLJ3nJdAC2r9InuV/4Jew=="],

    "tiny-invariant": ["tiny-invariant@1.3.3", "", {}, "sha512-+FbBPE1o9QAYvviau/qC5SE3caw21q3xkvWKBtja5vgqOWIHHJ3ioaq1VPfn/Szqctz2bU/oYeKd9/z5BL+PVg=="],

    "tiny-warning": ["tiny-warning@1.0.3", "", {}, "sha512-lBN9zLN/oAf68o3zNXYrdCt1kP8WsiGW8Oo2ka41b2IM5JL/S1CTyX1rW0mb/zSuJun0ZUrDxx4sqvYS2FWzPA=="],

    "undici-types": ["undici-types@7.16.0", "", {}, "sha512-Zz+aZWSj8LE6zoxD+xrjh4VfkIG8Ya6LvYkZqtUQGJPZjYl53ypCaUwWqo7eI0x66KBGeRo+mlBEkMSeSZ38Nw=="],

    "@tanstack/router-core/seroval": ["seroval@1.4.0", "", {}, "sha512-BdrNXdzlofomLTiRnwJTSEAaGKyHHZkbMXIywOh7zlzp4uZnXErEwl9XZ+N1hJSNpeTtNxWvVwN0wUzAIQ4Hpg=="],

    "@tanstack/router-core/seroval-plugins": ["seroval-plugins@1.4.0", "", { "peerDependencies": { "seroval": "^1.0" } }, "sha512-zir1aWzoiax6pbBVjoYVd0O1QQXgIL3eVGBMsBsNmM8Ukq90yGaWlfx0AB9dTS8GPqrOrbXn79vmItCUP9U3BQ=="],
  }
}
